
Microsoft Visual Studio Solution File, Format Version 12.00
# Visual Studio 14
VisualStudioVersion = 14.0.23107.0
MinimumVisualStudioVersion = 10.0.40219.1
Project("{8BC9CEB8-8B4A-11D0-8D11-00A0C91BC942}") = "ConsoleApplication1", "ConsoleApplication1.vcxproj", "{E24D6032-691A-4F8E-BB40-ECBE047BF305}"
EndProject
Project("{8BC9CEB8-8B4A-11D0-8D11-00A0C91BC942}") = "ConsoleApplication2", "..\ConsoleApplication2\ConsoleApplication2.vcxproj", "{016ED986-5F57-4078-B3DD-A5558012401A}"
EndProject
Global
	GlobalSection(SolutionConfigurationPlatforms) = preSolution
		Debug|x64 = Debug|x64
		Debug|x86 = Debug|x86
		Release|x64 = Release|x64
		Release|x86 = Release|x86
	EndGlobalSection
	GlobalSection(ProjectConfigurationPlatforms) = postSolution
		{E24D6032-691A-4F8E-BB40-ECBE047BF305}.Debug|x64.ActiveCfg = Debug|x64
		{E24D6032-691A-4F8E-BB40-ECBE047BF305}.Debug|x64.Build.0 = Debug|x64
		{E24D6032-691A-4F8E-BB40-ECBE047BF305}.Debug|x86.ActiveCfg = Debug|Win32
		{E24D6032-691A-4F8E-BB40-ECBE047BF305}.Debug|x86.Build.0 = Debug|Win32
		{E24D6032-691A-4F8E-BB40-ECBE047BF305}.Release|x64.ActiveCfg = Release|x64
		{E24D6032-691A-4F8E-BB40-ECBE047BF305}.Release|x64.Build.0 = Release|x64
		{E24D6032-691A-4F8E-BB40-ECBE047BF305}.Release|x86.ActiveCfg = Release|Win32
		{E24D6032-691A-4F8E-BB40-ECBE047BF305}.Release|x86.Build.0 = Release|Win32
		{016ED986-5F57-4078-B3DD-A5558012401A}.Debug|x64.ActiveCfg = Debug|x64
		{016ED986-5F57-4078-B3DD-A5558012401A}.Debug|x64.Build.0 = Debug|x64
		{016ED986-5F57-4078-B3DD-A5558012401A}.Debug|x86.ActiveCfg = Debug|Win32
		{016ED986-5F57-4078-B3DD-A5558012401A}.Debug|x86.Build.0 = Debug|Win32
		{016ED986-5F57-4078-B3DD-A5558012401A}.Release|x64.ActiveCfg = Release|x64
		{016ED986-5F57-4078-B3DD-A5558012401A}.Release|x64.Build.0 = Release|x64
		{016ED986-5F57-4078-B3DD-A5558012401A}.Release|x86.ActiveCfg = Release|Win32
		{016ED986-5F57-4078-B3DD-A5558012401A}.Release|x86.Build.0 = Release|Win32
	EndGlobalSection
	GlobalSection(SolutionProperties) = preSolution
		HideSolutionNode = FALSE
	EndGlobalSection
EndGlobal
